<?xml version="1.0" encoding="utf-8"?>
<Project ToolsVersion="4.0" xmlns="http://schemas.microsoft.com/developer/msbuild/2003">
  <ItemGroup>
    <Filter Include="SourceFiles">
      <UniqueIdentifier>{4FC737F1-C7A5-4376-A066-2A32D752A2FF}</UniqueIdentifier>
      <Extensions>cpp;c;cc;cxx;def;odl;idl;hpj;bat;asm;asmx</Extensions>
    </Filter>
    <Filter Include="SourceFiles\Debug">
      <UniqueIdentifier>{a39625b7-063a-4334-814e-3e532815f995}</UniqueIdentifier>
    </Filter>
    <Filter Include="SourceFiles\WorldOfMonsters">
      <UniqueIdentifier>{a4803e19-a7c3-4a8e-a03c-a242c5b616b1}</UniqueIdentifier>
    </Filter>
    <Filter Include="SourceFiles\WorldOfMonsters\Gameplay">
      <UniqueIdentifier>{2b3ee9a3-ea10-4822-932f-c8eeec04da38}</UniqueIdentifier>
    </Filter>
    <Filter Include="SourceFiles\WorldOfMonsters\Entities">
      <UniqueIdentifier>{c34ed97a-5ea6-4859-b8c0-e9935718c9f2}</UniqueIdentifier>
    </Filter>
    <Filter Include="SourceFiles\WorldOfMonsters\Gameplay\Battle">
      <UniqueIdentifier>{b84d4c12-3e68-41bb-a5ca-3d0d5964ef71}</UniqueIdentifier>
    </Filter>
    <Filter Include="SourceFiles\WorldOfMonsters\Gameplay\Battle\AI">
      <UniqueIdentifier>{55e232bb-4528-4830-85fd-d48d55ebe171}</UniqueIdentifier>
    </Filter>
    <Filter Include="SourceFiles\WorldOfMonsters\Gameplay\Monsters">
      <UniqueIdentifier>{f6be5da1-8434-4459-95fb-3edbdb8d0813}</UniqueIdentifier>
    </Filter>
    <Filter Include="SourceFiles\WorldOfMonsters\Gameplay\Town">
      <UniqueIdentifier>{50a855cb-125d-4fbd-955c-d9ccd883c274}</UniqueIdentifier>
    </Filter>
    <Filter Include="SourceFiles\WorldOfMonsters\Gameplay\World">
      <UniqueIdentifier>{d8f4e516-a3a1-494e-adcc-91969a43cbd3}</UniqueIdentifier>
    </Filter>
    <Filter Include="SourceFiles\WorldOfMonsters\Gameplay\World\Scenario">
      <UniqueIdentifier>{36358489-59ee-4fd8-9d89-73f3b862f154}</UniqueIdentifier>
    </Filter>
    <Filter Include="SourceFiles\WorldOfMonsters\Gameplay\World\Dungeons">
      <UniqueIdentifier>{a5abdf4a-46cc-46a0-84fc-eceb4bfe756c}</UniqueIdentifier>
    </Filter>
    <Filter Include="SourceFiles\WorldOfMonsters\Gameplay\World\Raids">
      <UniqueIdentifier>{81039153-a2ce-4d4c-990e-8029618b32d9}</UniqueIdentifier>
    </Filter>
    <Filter Include="SourceFiles\WorldOfMonsters\Gameplay\World\Bosses">
      <UniqueIdentifier>{bb8f4931-f03c-4755-928a-a06fa378c1ea}</UniqueIdentifier>
    </Filter>
    <Filter Include="SourceFiles\WorldOfMonsters\Gameplay\World\Arena">
      <UniqueIdentifier>{2b76c5e1-2a0f-4b0a-a2de-b75f25ed4a93}</UniqueIdentifier>
    </Filter>
    <Filter Include="SourceFiles\WorldOfMonsters\World">
      <UniqueIdentifier>{408ffeaf-219f-497d-aedf-929b4bd153f3}</UniqueIdentifier>
    </Filter>
    <Filter Include="SourceFiles\WorldOfMonsters\Graphics">
      <UniqueIdentifier>{e38bed31-6366-4cb7-832d-d2d56353fd88}</UniqueIdentifier>
    </Filter>
    <Filter Include="SourceFiles\WorldOfMonsters\Interface">
      <UniqueIdentifier>{164160be-ad87-4a91-991a-04bc0592cdce}</UniqueIdentifier>
    </Filter>
    <Filter Include="SourceFiles\WorldOfMonsters\Interface\MonsterDatabase">
      <UniqueIdentifier>{b2151ea8-ad0e-4d94-8bea-0eae64b5a311}</UniqueIdentifier>
    </Filter>
    <Filter Include="SourceFiles\WorldOfMonsters\Interface\MonsterEvolution">
      <UniqueIdentifier>{fb5d5423-a03a-426b-96ac-0b1267614775}</UniqueIdentifier>
    </Filter>
    <Filter Include="SourceFiles\WorldOfMonsters\Interface\MonsterCollection">
      <UniqueIdentifier>{934d0303-8639-402a-8096-e3310ba2a658}</UniqueIdentifier>
    </Filter>
    <Filter Include="SourceFiles\WorldOfMonsters\Interface\MonsterStorage">
      <UniqueIdentifier>{4df3bc51-0f6b-408e-b6b2-3d257d22ba8a}</UniqueIdentifier>
    </Filter>
    <Filter Include="SourceFiles\WorldOfMonsters\Interface\MonsterFusion">
      <UniqueIdentifier>{acf0d07f-607f-4352-b841-300e0e07e928}</UniqueIdentifier>
    </Filter>
    <Filter Include="SourceFiles\WorldOfMonsters\Interface\MonsterAwakening">
      <UniqueIdentifier>{b6eb56aa-c561-4354-87f5-60ee43012c70}</UniqueIdentifier>
    </Filter>
    <Filter Include="SourceFiles\WorldOfMonsters\Interface\EssenceFusion">
      <UniqueIdentifier>{9909a912-1bef-461e-bc8a-80b259a0df7c}</UniqueIdentifier>
    </Filter>
    <Filter Include="SourceFiles\WorldOfMonsters\Interface\Arena">
      <UniqueIdentifier>{70582a3e-adaa-4beb-b7e3-c69583cbc8d8}</UniqueIdentifier>
    </Filter>
    <Filter Include="SourceFiles\WorldOfMonsters\Interface\MonsterSummoning">
      <UniqueIdentifier>{789bdda3-28f1-4f1f-a03f-667b89aae43e}</UniqueIdentifier>
    </Filter>
    <Filter Include="SourceFiles\WorldOfMonsters\Interface\RuneCollection">
      <UniqueIdentifier>{ccd87424-2e6d-49d8-89c8-c95485753757}</UniqueIdentifier>
    </Filter>
    <Filter Include="SourceFiles\WorldOfMonsters\Interface\RuneEvolution">
      <UniqueIdentifier>{51f4cba3-16a1-4019-b424-5320b2b2c584}</UniqueIdentifier>
    </Filter>
    <Filter Include="SourceFiles\WorldOfMonsters\Interface\RuneStorage">
      <UniqueIdentifier>{db1f561b-9287-4f2c-81b6-90354fbe4c1c}</UniqueIdentifier>
    </Filter>
    <Filter Include="SourceFiles\WorldOfMonsters\Interface\TownEvolution">
      <UniqueIdentifier>{fa38dfc1-6d32-4a8b-97d7-366ac86e187a}</UniqueIdentifier>
    </Filter>
    <Filter Include="SourceFiles\WorldOfMonsters\Interface\WorldMap">
      <UniqueIdentifier>{d9837296-b36c-4ead-bb71-c8464355ed28}</UniqueIdentifier>
    </Filter>
    <Filter Include="SourceFiles\WorldOfMonsters\Interface\TeamSelection">
      <UniqueIdentifier>{54dd825d-5892-476b-b319-8d72d00269b1}</UniqueIdentifier>
    </Filter>
    <Filter Include="SourceFiles\WorldOfMonsters\Interface\PlayerLogin">
      <UniqueIdentifier>{41666f02-2253-4c9a-99bb-533384cb9590}</UniqueIdentifier>
    </Filter>
  </ItemGroup>
  <ItemGroup>
    <ClInclude Include="..\..\..\Source\EntryPoint\MainSelector.h">
      <Filter>SourceFiles</Filter>
    </ClInclude>
    <ClInclude Include="..\..\..\Source\EntryPoint\Debug\DebugMain.h">
      <Filter>SourceFiles\Debug</Filter>
    </ClInclude>
    <ClInclude Include="..\..\..\Source\EntryPoint\WorldOfMonsters\Gameplay\Battle\Battle.h">
      <Filter>SourceFiles\WorldOfMonsters\Gameplay\Battle</Filter>
    </ClInclude>
    <ClInclude Include="..\..\..\Source\EntryPoint\WorldOfMonsters\Gameplay\Battle\BattleMonsterInstance.h">
      <Filter>SourceFiles\WorldOfMonsters\Gameplay\Battle</Filter>
    </ClInclude>
    <ClInclude Include="..\..\..\Source\EntryPoint\WorldOfMonsters\Gameplay\Monsters\LevelingStats.h">
      <Filter>SourceFiles\WorldOfMonsters\Gameplay\Monsters</Filter>
    </ClInclude>
    <ClInclude Include="..\..\..\Source\EntryPoint\WorldOfMonsters\Gameplay\Monsters\Monster.h">
      <Filter>SourceFiles\WorldOfMonsters\Gameplay\Monsters</Filter>
    </ClInclude>
    <ClInclude Include="..\..\..\Source\EntryPoint\WorldOfMonsters\Gameplay\Monsters\Rune.h">
      <Filter>SourceFiles\WorldOfMonsters\Gameplay\Monsters</Filter>
    </ClInclude>
    <ClInclude Include="..\..\..\Source\EntryPoint\WorldOfMonsters\Gameplay\Monsters\Skill.h">
      <Filter>SourceFiles\WorldOfMonsters\Gameplay\Monsters</Filter>
    </ClInclude>
    <ClInclude Include="..\..\..\Source\EntryPoint\WorldOfMonsters\Gameplay\Monsters\SkillEffect.h">
      <Filter>SourceFiles\WorldOfMonsters\Gameplay\Monsters</Filter>
    </ClInclude>
    <ClInclude Include="..\..\..\Source\EntryPoint\WorldOfMonsters\Gameplay\Monsters\StatusEffect.h">
      <Filter>SourceFiles\WorldOfMonsters\Gameplay\Monsters</Filter>
    </ClInclude>
    <ClInclude Include="..\..\..\Source\EntryPoint\WorldOfMonsters\Gameplay\Town\Building.h">
      <Filter>SourceFiles\WorldOfMonsters\Gameplay\Town</Filter>
    </ClInclude>
    <ClInclude Include="..\..\..\Source\EntryPoint\WorldOfMonsters\Gameplay\Town\PlayerTown.h">
      <Filter>SourceFiles\WorldOfMonsters\Gameplay\Town</Filter>
    </ClInclude>
    <ClInclude Include="..\..\..\Source\EntryPoint\WorldOfMonsters\Gameplay\GameParameters.h">
      <Filter>SourceFiles\WorldOfMonsters\Gameplay</Filter>
    </ClInclude>
    <ClInclude Include="..\..\..\Source\EntryPoint\WorldOfMonsters\Gameplay\GameplayManager.h">
      <Filter>SourceFiles\WorldOfMonsters\Gameplay</Filter>
    </ClInclude>
    <ClInclude Include="..\..\..\Source\EntryPoint\WorldOfMonsters\Entities\BuildingEntity.h">
      <Filter>SourceFiles\WorldOfMonsters\Entities</Filter>
    </ClInclude>
    <ClInclude Include="..\..\..\Source\EntryPoint\WorldOfMonsters\Entities\Entity.h">
      <Filter>SourceFiles\WorldOfMonsters\Entities</Filter>
    </ClInclude>
    <ClInclude Include="..\..\..\Source\EntryPoint\WorldOfMonsters\Entities\EntityManager.h">
      <Filter>SourceFiles\WorldOfMonsters\Entities</Filter>
    </ClInclude>
    <ClInclude Include="..\..\..\Source\EntryPoint\WorldOfMonsters\Entities\MonsterEntity.h">
      <Filter>SourceFiles\WorldOfMonsters\Entities</Filter>
    </ClInclude>
    <ClInclude Include="..\..\..\Source\EntryPoint\WorldOfMonsters\World\BattleField.h">
      <Filter>SourceFiles\WorldOfMonsters\World</Filter>
    </ClInclude>
    <ClInclude Include="..\..\..\Source\EntryPoint\WorldOfMonsters\World\TownField.h">
      <Filter>SourceFiles\WorldOfMonsters\World</Filter>
    </ClInclude>
    <ClInclude Include="..\..\..\Source\EntryPoint\WorldOfMonsters\WorldOfMonsters.h">
      <Filter>SourceFiles\WorldOfMonsters</Filter>
    </ClInclude>
    <ClInclude Include="..\..\..\Source\EntryPoint\WorldOfMonsters\Graphics\GraphicsManager.h">
      <Filter>SourceFiles\WorldOfMonsters\Graphics</Filter>
    </ClInclude>
    <ClInclude Include="..\..\..\Source\EntryPoint\WorldOfMonsters\Interface\InterfaceManager.h">
      <Filter>SourceFiles\WorldOfMonsters\Interface</Filter>
    </ClInclude>
    <ClInclude Include="..\..\..\Source\EntryPoint\WorldOfMonsters\Interface\HUDBackboard.h">
      <Filter>SourceFiles\WorldOfMonsters\Interface</Filter>
    </ClInclude>
    <ClInclude Include="..\..\..\Source\EntryPoint\WorldOfMonsters\Interface\PlayerLogin\HUDPlayerLogin.h">
      <Filter>SourceFiles\WorldOfMonsters\Interface\PlayerLogin</Filter>
    </ClInclude>
    <ClInclude Include="..\..\..\Source\EntryPoint\WorldOfMonsters\Interface\MonsterDatabase\HUDMonsterDB.h">
      <Filter>SourceFiles\WorldOfMonsters\Interface\MonsterDatabase</Filter>
    </ClInclude>
  </ItemGroup>
  <ItemGroup>
    <None Include="..\..\..\Source\EntryPoint\MainSelector.inl">
      <Filter>SourceFiles</Filter>
    </None>
    <None Include="..\..\..\Source\EntryPoint\Debug\DebugMain.inl">
      <Filter>SourceFiles\Debug</Filter>
    </None>
    <None Include="..\..\..\Source\EntryPoint\WorldOfMonsters\Gameplay\Battle\Battle.inl">
      <Filter>SourceFiles\WorldOfMonsters\Gameplay\Battle</Filter>
    </None>
    <None Include="..\..\..\Source\EntryPoint\WorldOfMonsters\Gameplay\Battle\BattleMonsterInstance.inl">
      <Filter>SourceFiles\WorldOfMonsters\Gameplay\Battle</Filter>
    </None>
    <None Include="..\..\..\Source\EntryPoint\WorldOfMonsters\Gameplay\Monsters\LevelingStats.inl">
      <Filter>SourceFiles\WorldOfMonsters\Gameplay\Monsters</Filter>
    </None>
    <None Include="..\..\..\Source\EntryPoint\WorldOfMonsters\Gameplay\Monsters\Monster.inl">
      <Filter>SourceFiles\WorldOfMonsters\Gameplay\Monsters</Filter>
    </None>
    <None Include="..\..\..\Source\EntryPoint\WorldOfMonsters\Gameplay\Monsters\Rune.inl">
      <Filter>SourceFiles\WorldOfMonsters\Gameplay\Monsters</Filter>
    </None>
    <None Include="..\..\..\Source\EntryPoint\WorldOfMonsters\Gameplay\Monsters\Skill.inl">
      <Filter>SourceFiles\WorldOfMonsters\Gameplay\Monsters</Filter>
    </None>
    <None Include="..\..\..\Source\EntryPoint\WorldOfMonsters\Gameplay\Monsters\SkillEffect.inl">
      <Filter>SourceFiles\WorldOfMonsters\Gameplay\Monsters</Filter>
    </None>
    <None Include="..\..\..\Source\EntryPoint\WorldOfMonsters\Gameplay\Monsters\StatusEffect.inl">
      <Filter>SourceFiles\WorldOfMonsters\Gameplay\Monsters</Filter>
    </None>
    <None Include="..\..\..\Source\EntryPoint\WorldOfMonsters\Gameplay\Town\Building.inl">
      <Filter>SourceFiles\WorldOfMonsters\Gameplay\Town</Filter>
    </None>
    <None Include="..\..\..\Source\EntryPoint\WorldOfMonsters\Gameplay\Town\PlayerTown.inl">
      <Filter>SourceFiles\WorldOfMonsters\Gameplay\Town</Filter>
    </None>
    <None Include="..\..\..\Source\EntryPoint\WorldOfMonsters\Gameplay\GameParameters.inl">
      <Filter>SourceFiles\WorldOfMonsters\Gameplay</Filter>
    </None>
    <None Include="..\..\..\Source\EntryPoint\WorldOfMonsters\Gameplay\GameplayManager.inl">
      <Filter>SourceFiles\WorldOfMonsters\Gameplay</Filter>
    </None>
    <None Include="..\..\..\Source\EntryPoint\WorldOfMonsters\Entities\BuildingEntity.inl">
      <Filter>SourceFiles\WorldOfMonsters\Entities</Filter>
    </None>
    <None Include="..\..\..\Source\EntryPoint\WorldOfMonsters\Entities\Entity.inl">
      <Filter>SourceFiles\WorldOfMonsters\Entities</Filter>
    </None>
    <None Include="..\..\..\Source\EntryPoint\WorldOfMonsters\Entities\EntityManager.inl">
      <Filter>SourceFiles\WorldOfMonsters\Entities</Filter>
    </None>
    <None Include="..\..\..\Source\EntryPoint\WorldOfMonsters\Entities\MonsterEntity.inl">
      <Filter>SourceFiles\WorldOfMonsters\Entities</Filter>
    </None>
    <None Include="..\..\..\Source\EntryPoint\WorldOfMonsters\World\BattleField.inl">
      <Filter>SourceFiles\WorldOfMonsters\World</Filter>
    </None>
    <None Include="..\..\..\Source\EntryPoint\WorldOfMonsters\World\TownField.inl">
      <Filter>SourceFiles\WorldOfMonsters\World</Filter>
    </None>
    <None Include="..\..\..\Source\EntryPoint\WorldOfMonsters\WorldOfMonsters.inl">
      <Filter>SourceFiles\WorldOfMonsters</Filter>
    </None>
    <None Include="..\..\..\Source\EntryPoint\WorldOfMonsters\Graphics\GraphicsManager.inl">
      <Filter>SourceFiles\WorldOfMonsters\Graphics</Filter>
    </None>
    <None Include="..\..\..\Source\EntryPoint\WorldOfMonsters\Interface\InterfaceManager.inl">
      <Filter>SourceFiles\WorldOfMonsters\Interface</Filter>
    </None>
    <None Include="..\..\..\Source\EntryPoint\WorldOfMonsters\Interface\HUDBackboard.inl">
      <Filter>SourceFiles\WorldOfMonsters\Interface</Filter>
    </None>
    <None Include="..\..\..\Source\EntryPoint\WorldOfMonsters\Interface\PlayerLogin\HUDPlayerLogin.inl">
      <Filter>SourceFiles\WorldOfMonsters\Interface\PlayerLogin</Filter>
    </None>
    <None Include="..\..\..\Source\EntryPoint\WorldOfMonsters\Interface\MonsterDatabase\HUDMonsterDB.inl">
      <Filter>SourceFiles\WorldOfMonsters\Interface\MonsterDatabase</Filter>
    </None>
  </ItemGroup>
  <ItemGroup>
    <ClCompile Include="..\..\..\Source\EntryPoint\MainSelector.cpp">
      <Filter>SourceFiles</Filter>
    </ClCompile>
    <ClCompile Include="..\..\..\Source\EntryPoint\Debug\DebugMain.cpp">
      <Filter>SourceFiles\Debug</Filter>
    </ClCompile>
    <ClCompile Include="..\..\..\Source\EntryPoint\WorldOfMonsters\Gameplay\Battle\Battle.cpp">
      <Filter>SourceFiles\WorldOfMonsters\Gameplay\Battle</Filter>
    </ClCompile>
    <ClCompile Include="..\..\..\Source\EntryPoint\WorldOfMonsters\Gameplay\Battle\BattleMonsterInstance.cpp">
      <Filter>SourceFiles\WorldOfMonsters\Gameplay\Battle</Filter>
    </ClCompile>
    <ClCompile Include="..\..\..\Source\EntryPoint\WorldOfMonsters\Gameplay\Monsters\LevelingStats.cpp">
      <Filter>SourceFiles\WorldOfMonsters\Gameplay\Monsters</Filter>
    </ClCompile>
    <ClCompile Include="..\..\..\Source\EntryPoint\WorldOfMonsters\Gameplay\Monsters\Monster.cpp">
      <Filter>SourceFiles\WorldOfMonsters\Gameplay\Monsters</Filter>
    </ClCompile>
    <ClCompile Include="..\..\..\Source\EntryPoint\WorldOfMonsters\Gameplay\Monsters\Rune.cpp">
      <Filter>SourceFiles\WorldOfMonsters\Gameplay\Monsters</Filter>
    </ClCompile>
    <ClCompile Include="..\..\..\Source\EntryPoint\WorldOfMonsters\Gameplay\Monsters\Skill.cpp">
      <Filter>SourceFiles\WorldOfMonsters\Gameplay\Monsters</Filter>
    </ClCompile>
    <ClCompile Include="..\..\..\Source\EntryPoint\WorldOfMonsters\Gameplay\Monsters\SkillEffect.cpp">
      <Filter>SourceFiles\WorldOfMonsters\Gameplay\Monsters</Filter>
    </ClCompile>
    <ClCompile Include="..\..\..\Source\EntryPoint\WorldOfMonsters\Gameplay\Monsters\StatusEffect.cpp">
      <Filter>SourceFiles\WorldOfMonsters\Gameplay\Monsters</Filter>
    </ClCompile>
    <ClCompile Include="..\..\..\Source\EntryPoint\WorldOfMonsters\Gameplay\Town\Building.cpp">
      <Filter>SourceFiles\WorldOfMonsters\Gameplay\Town</Filter>
    </ClCompile>
    <ClCompile Include="..\..\..\Source\EntryPoint\WorldOfMonsters\Gameplay\Town\PlayerTown.cpp">
      <Filter>SourceFiles\WorldOfMonsters\Gameplay\Town</Filter>
    </ClCompile>
    <ClCompile Include="..\..\..\Source\EntryPoint\WorldOfMonsters\Gameplay\GameParameters.cpp">
      <Filter>SourceFiles\WorldOfMonsters\Gameplay</Filter>
    </ClCompile>
    <ClCompile Include="..\..\..\Source\EntryPoint\WorldOfMonsters\Gameplay\GameplayManager.cpp">
      <Filter>SourceFiles\WorldOfMonsters\Gameplay</Filter>
    </ClCompile>
    <ClCompile Include="..\..\..\Source\EntryPoint\WorldOfMonsters\Entities\BuildingEntity.cpp">
      <Filter>SourceFiles\WorldOfMonsters\Entities</Filter>
    </ClCompile>
    <ClCompile Include="..\..\..\Source\EntryPoint\WorldOfMonsters\Entities\Entity.cpp">
      <Filter>SourceFiles\WorldOfMonsters\Entities</Filter>
    </ClCompile>
    <ClCompile Include="..\..\..\Source\EntryPoint\WorldOfMonsters\Entities\EntityManager.cpp">
      <Filter>SourceFiles\WorldOfMonsters\Entities</Filter>
    </ClCompile>
    <ClCompile Include="..\..\..\Source\EntryPoint\WorldOfMonsters\Entities\MonsterEntity.cpp">
      <Filter>SourceFiles\WorldOfMonsters\Entities</Filter>
    </ClCompile>
    <ClCompile Include="..\..\..\Source\EntryPoint\WorldOfMonsters\World\BattleField.cpp">
      <Filter>SourceFiles\WorldOfMonsters\World</Filter>
    </ClCompile>
    <ClCompile Include="..\..\..\Source\EntryPoint\WorldOfMonsters\World\TownField.cpp">
      <Filter>SourceFiles\WorldOfMonsters\World</Filter>
    </ClCompile>
    <ClCompile Include="..\..\..\Source\EntryPoint\WorldOfMonsters\WorldOfMonsters.cpp">
      <Filter>SourceFiles\WorldOfMonsters</Filter>
    </ClCompile>
    <ClCompile Include="..\..\..\Source\EntryPoint\WorldOfMonsters\Graphics\GraphicsManager.cpp">
      <Filter>SourceFiles\WorldOfMonsters\Graphics</Filter>
    </ClCompile>
    <ClCompile Include="..\..\..\Source\EntryPoint\WorldOfMonsters\Interface\InterfaceManager.cpp">
      <Filter>SourceFiles\WorldOfMonsters\Interface</Filter>
    </ClCompile>
    <ClCompile Include="..\..\..\Source\EntryPoint\WorldOfMonsters\Interface\HUDBackboard.cpp">
      <Filter>SourceFiles\WorldOfMonsters\Interface</Filter>
    </ClCompile>
    <ClCompile Include="..\..\..\Source\EntryPoint\WorldOfMonsters\Interface\PlayerLogin\HUDPlayerLogin.cpp">
      <Filter>SourceFiles\WorldOfMonsters\Interface\PlayerLogin</Filter>
    </ClCompile>
    <ClCompile Include="..\..\..\Source\EntryPoint\WorldOfMonsters\Interface\MonsterDatabase\HUDMonsterDB.cpp">
      <Filter>SourceFiles\WorldOfMonsters\Interface\MonsterDatabase</Filter>
    </ClCompile>
  </ItemGroup>
</Project>