<?xml version="1.0" encoding="utf-8"?>
<Project ToolsVersion="4.0" xmlns="http://schemas.microsoft.com/developer/msbuild/2003">
  <ItemGroup>
    <Filter Include="SourceFiles">
      <UniqueIdentifier>{4FC737F1-C7A5-4376-A066-2A32D752A2FF}</UniqueIdentifier>
      <Extensions>cpp;c;cc;cxx;def;odl;idl;hpj;bat;asm;asmx</Extensions>
    </Filter>
    <Filter Include="SourceFiles\Debug">
      <UniqueIdentifier>{a39625b7-063a-4334-814e-3e532815f995}</UniqueIdentifier>
    </Filter>
    <Filter Include="SourceFiles\Framework">
      <UniqueIdentifier>{70caf26d-0fc1-4789-8850-805f9f235d1a}</UniqueIdentifier>
    </Filter>
    <Filter Include="SourceFiles\Framework\Graphics">
      <UniqueIdentifier>{fc924334-1971-4951-97cd-23421e172915}</UniqueIdentifier>
    </Filter>
    <Filter Include="SourceFiles\Framework\Interface">
      <UniqueIdentifier>{d967cf50-f6d2-42c2-af90-dbc67131e46d}</UniqueIdentifier>
    </Filter>
    <Filter Include="SourceFiles\WorldOfMonsters">
      <UniqueIdentifier>{a4803e19-a7c3-4a8e-a03c-a242c5b616b1}</UniqueIdentifier>
    </Filter>
    <Filter Include="SourceFiles\WorldOfMonsters\Monsters">
      <UniqueIdentifier>{f6be5da1-8434-4459-95fb-3edbdb8d0813}</UniqueIdentifier>
    </Filter>
    <Filter Include="SourceFiles\WorldOfMonsters\World">
      <UniqueIdentifier>{d8f4e516-a3a1-494e-adcc-91969a43cbd3}</UniqueIdentifier>
    </Filter>
    <Filter Include="SourceFiles\WorldOfMonsters\World\Scenario">
      <UniqueIdentifier>{36358489-59ee-4fd8-9d89-73f3b862f154}</UniqueIdentifier>
    </Filter>
    <Filter Include="SourceFiles\WorldOfMonsters\World\Dungeons">
      <UniqueIdentifier>{a5abdf4a-46cc-46a0-84fc-eceb4bfe756c}</UniqueIdentifier>
    </Filter>
    <Filter Include="SourceFiles\WorldOfMonsters\World\Raids">
      <UniqueIdentifier>{81039153-a2ce-4d4c-990e-8029618b32d9}</UniqueIdentifier>
    </Filter>
    <Filter Include="SourceFiles\WorldOfMonsters\Town">
      <UniqueIdentifier>{50a855cb-125d-4fbd-955c-d9ccd883c274}</UniqueIdentifier>
    </Filter>
    <Filter Include="SourceFiles\WorldOfMonsters\World\Bosses">
      <UniqueIdentifier>{bb8f4931-f03c-4755-928a-a06fa378c1ea}</UniqueIdentifier>
    </Filter>
    <Filter Include="SourceFiles\WorldOfMonsters\World\Arena">
      <UniqueIdentifier>{2b76c5e1-2a0f-4b0a-a2de-b75f25ed4a93}</UniqueIdentifier>
    </Filter>
    <Filter Include="SourceFiles\WorldOfMonsters\Battle">
      <UniqueIdentifier>{b84d4c12-3e68-41bb-a5ca-3d0d5964ef71}</UniqueIdentifier>
    </Filter>
    <Filter Include="SourceFiles\WorldOfMonsters\Battle\AI">
      <UniqueIdentifier>{55e232bb-4528-4830-85fd-d48d55ebe171}</UniqueIdentifier>
    </Filter>
  </ItemGroup>
  <ItemGroup>
    <ClInclude Include="..\..\..\Source\EntryPoint\MainSelector.h">
      <Filter>SourceFiles</Filter>
    </ClInclude>
    <ClInclude Include="..\..\..\Source\EntryPoint\Debug\DebugMain.h">
      <Filter>SourceFiles\Debug</Filter>
    </ClInclude>
    <ClInclude Include="..\..\..\Source\EntryPoint\Framework\Graphics\GraphicsManager.h">
      <Filter>SourceFiles\Framework\Graphics</Filter>
    </ClInclude>
    <ClInclude Include="..\..\..\Source\EntryPoint\Framework\Interface\InterfaceManager.h">
      <Filter>SourceFiles\Framework\Interface</Filter>
    </ClInclude>
    <ClInclude Include="..\..\..\Source\EntryPoint\WorldOfMonsters\Monsters\Monster.h">
      <Filter>SourceFiles\WorldOfMonsters\Monsters</Filter>
    </ClInclude>
    <ClInclude Include="..\..\..\Source\EntryPoint\WorldOfMonsters\Monsters\StatusEffect.h">
      <Filter>SourceFiles\WorldOfMonsters\Monsters</Filter>
    </ClInclude>
    <ClInclude Include="..\..\..\Source\EntryPoint\WorldOfMonsters\Monsters\Skill.h">
      <Filter>SourceFiles\WorldOfMonsters\Monsters</Filter>
    </ClInclude>
    <ClInclude Include="..\..\..\Source\EntryPoint\WorldOfMonsters\Monsters\Rune.h">
      <Filter>SourceFiles\WorldOfMonsters\Monsters</Filter>
    </ClInclude>
    <ClInclude Include="..\..\..\Source\EntryPoint\WorldOfMonsters\Battle\Battle.h">
      <Filter>SourceFiles\WorldOfMonsters\Battle</Filter>
    </ClInclude>
    <ClInclude Include="..\..\..\Source\EntryPoint\WorldOfMonsters\GameplayManager.h">
      <Filter>SourceFiles\WorldOfMonsters</Filter>
    </ClInclude>
    <ClInclude Include="..\..\..\Source\EntryPoint\WorldOfMonsters\Monsters\SkillEffect.h">
      <Filter>SourceFiles\WorldOfMonsters\Monsters</Filter>
    </ClInclude>
    <ClInclude Include="..\..\..\Source\EntryPoint\WorldOfMonsters\Town\PlayerTown.h">
      <Filter>SourceFiles\WorldOfMonsters\Town</Filter>
    </ClInclude>
    <ClInclude Include="..\..\..\Source\EntryPoint\WorldOfMonsters\Town\Building.h">
      <Filter>SourceFiles\WorldOfMonsters\Town</Filter>
    </ClInclude>
    <ClInclude Include="..\..\..\Source\EntryPoint\WorldOfMonsters\GameParameters.h">
      <Filter>SourceFiles\WorldOfMonsters</Filter>
    </ClInclude>
    <ClInclude Include="..\..\..\Source\EntryPoint\WorldOfMonsters\Monsters\LevelingStats.h">
      <Filter>SourceFiles\WorldOfMonsters\Monsters</Filter>
    </ClInclude>
    <ClInclude Include="..\..\..\Source\EntryPoint\WorldOfMonsters\Battle\BattleMonsterInstance.h">
      <Filter>SourceFiles\WorldOfMonsters\Battle</Filter>
    </ClInclude>
  </ItemGroup>
  <ItemGroup>
    <None Include="..\..\..\Source\EntryPoint\MainSelector.inl">
      <Filter>SourceFiles</Filter>
    </None>
    <None Include="..\..\..\Source\EntryPoint\Debug\DebugMain.inl">
      <Filter>SourceFiles\Debug</Filter>
    </None>
    <None Include="..\..\..\Source\EntryPoint\Framework\Graphics\GraphicsManager.inl">
      <Filter>SourceFiles\Framework\Graphics</Filter>
    </None>
    <None Include="..\..\..\Source\EntryPoint\Framework\Interface\InterfaceManager.inl">
      <Filter>SourceFiles\Framework\Interface</Filter>
    </None>
    <None Include="..\..\..\Source\EntryPoint\WorldOfMonsters\Monsters\Monster.inl">
      <Filter>SourceFiles\WorldOfMonsters\Monsters</Filter>
    </None>
    <None Include="..\..\..\Source\EntryPoint\WorldOfMonsters\Monsters\StatusEffect.inl">
      <Filter>SourceFiles\WorldOfMonsters\Monsters</Filter>
    </None>
    <None Include="..\..\..\Source\EntryPoint\WorldOfMonsters\Monsters\Skill.inl">
      <Filter>SourceFiles\WorldOfMonsters\Monsters</Filter>
    </None>
    <None Include="..\..\..\Source\EntryPoint\WorldOfMonsters\Monsters\Rune.inl">
      <Filter>SourceFiles\WorldOfMonsters\Monsters</Filter>
    </None>
    <None Include="..\..\..\Source\EntryPoint\WorldOfMonsters\Battle\Battle.inl">
      <Filter>SourceFiles\WorldOfMonsters\Battle</Filter>
    </None>
    <None Include="..\..\..\Source\EntryPoint\WorldOfMonsters\GameplayManager.inl">
      <Filter>SourceFiles\WorldOfMonsters</Filter>
    </None>
    <None Include="..\..\..\Source\EntryPoint\WorldOfMonsters\Monsters\SkillEffect.inl">
      <Filter>SourceFiles\WorldOfMonsters\Monsters</Filter>
    </None>
    <None Include="..\..\..\Source\EntryPoint\WorldOfMonsters\Town\PlayerTown.inl">
      <Filter>SourceFiles\WorldOfMonsters\Town</Filter>
    </None>
    <None Include="..\..\..\Source\EntryPoint\WorldOfMonsters\Town\Building.inl">
      <Filter>SourceFiles\WorldOfMonsters\Town</Filter>
    </None>
    <None Include="..\..\..\Source\EntryPoint\WorldOfMonsters\GameParameters.inl">
      <Filter>SourceFiles\WorldOfMonsters</Filter>
    </None>
    <None Include="..\..\..\Source\EntryPoint\WorldOfMonsters\Monsters\LevelingStats.inl">
      <Filter>SourceFiles\WorldOfMonsters\Monsters</Filter>
    </None>
    <None Include="..\..\..\Source\EntryPoint\WorldOfMonsters\Battle\BattleMonsterInstance.inl">
      <Filter>SourceFiles\WorldOfMonsters\Battle</Filter>
    </None>
  </ItemGroup>
  <ItemGroup>
    <ClCompile Include="..\..\..\Source\EntryPoint\MainSelector.cpp">
      <Filter>SourceFiles</Filter>
    </ClCompile>
    <ClCompile Include="..\..\..\Source\EntryPoint\Debug\DebugMain.cpp">
      <Filter>SourceFiles\Debug</Filter>
    </ClCompile>
    <ClCompile Include="..\..\..\Source\EntryPoint\Framework\Graphics\GraphicsManager.cpp">
      <Filter>SourceFiles\Framework\Graphics</Filter>
    </ClCompile>
    <ClCompile Include="..\..\..\Source\EntryPoint\Framework\Interface\InterfaceManager.cpp">
      <Filter>SourceFiles\Framework\Interface</Filter>
    </ClCompile>
    <ClCompile Include="..\..\..\Source\EntryPoint\WorldOfMonsters\Monsters\Monster.cpp">
      <Filter>SourceFiles\WorldOfMonsters\Monsters</Filter>
    </ClCompile>
    <ClCompile Include="..\..\..\Source\EntryPoint\WorldOfMonsters\Monsters\StatusEffect.cpp">
      <Filter>SourceFiles\WorldOfMonsters\Monsters</Filter>
    </ClCompile>
    <ClCompile Include="..\..\..\Source\EntryPoint\WorldOfMonsters\Monsters\Skill.cpp">
      <Filter>SourceFiles\WorldOfMonsters\Monsters</Filter>
    </ClCompile>
    <ClCompile Include="..\..\..\Source\EntryPoint\WorldOfMonsters\Monsters\Rune.cpp">
      <Filter>SourceFiles\WorldOfMonsters\Monsters</Filter>
    </ClCompile>
    <ClCompile Include="..\..\..\Source\EntryPoint\WorldOfMonsters\Battle\Battle.cpp">
      <Filter>SourceFiles\WorldOfMonsters\Battle</Filter>
    </ClCompile>
    <ClCompile Include="..\..\..\Source\EntryPoint\WorldOfMonsters\GameplayManager.cpp">
      <Filter>SourceFiles\WorldOfMonsters</Filter>
    </ClCompile>
    <ClCompile Include="..\..\..\Source\EntryPoint\WorldOfMonsters\Monsters\SkillEffect.cpp">
      <Filter>SourceFiles\WorldOfMonsters\Monsters</Filter>
    </ClCompile>
    <ClCompile Include="..\..\..\Source\EntryPoint\WorldOfMonsters\Town\PlayerTown.cpp">
      <Filter>SourceFiles\WorldOfMonsters\Town</Filter>
    </ClCompile>
    <ClCompile Include="..\..\..\Source\EntryPoint\WorldOfMonsters\Town\Building.cpp">
      <Filter>SourceFiles\WorldOfMonsters\Town</Filter>
    </ClCompile>
    <ClCompile Include="..\..\..\Source\EntryPoint\WorldOfMonsters\GameParameters.cpp">
      <Filter>SourceFiles\WorldOfMonsters</Filter>
    </ClCompile>
    <ClCompile Include="..\..\..\Source\EntryPoint\WorldOfMonsters\Monsters\LevelingStats.cpp">
      <Filter>SourceFiles\WorldOfMonsters\Monsters</Filter>
    </ClCompile>
    <ClCompile Include="..\..\..\Source\EntryPoint\WorldOfMonsters\Battle\BattleMonsterInstance.cpp">
      <Filter>SourceFiles\WorldOfMonsters\Battle</Filter>
    </ClCompile>
  </ItemGroup>
</Project>